// !$*UTF8*$!
{
	archiveVersion = 1;
	classes = {
	};
	objectVersion = 46;
	objects = {

/* Begin PBXBuildFile section */
		BE0072191E4410030015D211 /* Function.hpp in Headers */ = {isa = PBXBuildFile; fileRef = BE0072171E4410030015D211 /* Function.hpp */; };
		BE00721C1E44124D0015D211 /* Factorial.cpp in Sources */ = {isa = PBXBuildFile; fileRef = BE00721A1E44124D0015D211 /* Factorial.cpp */; };
		BE00721D1E44124D0015D211 /* Factorial.hpp in Headers */ = {isa = PBXBuildFile; fileRef = BE00721B1E44124D0015D211 /* Factorial.hpp */; };
		BE219DD41E43BF78008CED63 /* BinaryTree.cpp in Sources */ = {isa = PBXBuildFile; fileRef = BE219DD21E43BF78008CED63 /* BinaryTree.cpp */; };
		BE219DD51E43BF78008CED63 /* BinaryTree.hpp in Headers */ = {isa = PBXBuildFile; fileRef = BE219DD31E43BF78008CED63 /* BinaryTree.hpp */; };
		BE3D37C71E457E3B00A2CAA3 /* Derivative.cpp in Sources */ = {isa = PBXBuildFile; fileRef = BE3D37C51E457E3B00A2CAA3 /* Derivative.cpp */; };
		BE3D37C81E457E3B00A2CAA3 /* Derivative.hpp in Headers */ = {isa = PBXBuildFile; fileRef = BE3D37C61E457E3B00A2CAA3 /* Derivative.hpp */; };
		BE5FAF041E42BF1A008B9451 /* LU.cpp in Sources */ = {isa = PBXBuildFile; fileRef = BE5FAF021E42BF1A008B9451 /* LU.cpp */; };
		BE5FAF051E42BF1A008B9451 /* LU.hpp in Headers */ = {isa = PBXBuildFile; fileRef = BE5FAF031E42BF1A008B9451 /* LU.hpp */; };
		BE9AA19B1E442404008DC7E7 /* Integral.cpp in Sources */ = {isa = PBXBuildFile; fileRef = BE9AA1991E442404008DC7E7 /* Integral.cpp */; };
		BE9AA19C1E442404008DC7E7 /* Integral.hpp in Headers */ = {isa = PBXBuildFile; fileRef = BE9AA19A1E442404008DC7E7 /* Integral.hpp */; };
		BED557261E428AB6006E5F59 /* fnMath.hpp in Headers */ = {isa = PBXBuildFile; fileRef = BED557251E428AB6006E5F59 /* fnMath.hpp */; };
		BED557331E428DD1006E5F59 /* Matrix.cpp in Sources */ = {isa = PBXBuildFile; fileRef = BED557311E428DD1006E5F59 /* Matrix.cpp */; };
		BED557341E428DD1006E5F59 /* Matrix.hpp in Headers */ = {isa = PBXBuildFile; fileRef = BED557321E428DD1006E5F59 /* Matrix.hpp */; };
/* End PBXBuildFile section */

/* Begin PBXFileReference section */
		BE0072171E4410030015D211 /* Function.hpp */ = {isa = PBXFileReference; fileEncoding = 4; lastKnownFileType = sourcecode.cpp.h; path = Function.hpp; sourceTree = "<group>"; };
		BE00721A1E44124D0015D211 /* Factorial.cpp */ = {isa = PBXFileReference; fileEncoding = 4; lastKnownFileType = sourcecode.cpp.cpp; path = Factorial.cpp; sourceTree = "<group>"; };
		BE00721B1E44124D0015D211 /* Factorial.hpp */ = {isa = PBXFileReference; fileEncoding = 4; lastKnownFileType = sourcecode.cpp.h; path = Factorial.hpp; sourceTree = "<group>"; };
		BE219DD21E43BF78008CED63 /* BinaryTree.cpp */ = {isa = PBXFileReference; fileEncoding = 4; lastKnownFileType = sourcecode.cpp.cpp; path = BinaryTree.cpp; sourceTree = "<group>"; };
		BE219DD31E43BF78008CED63 /* BinaryTree.hpp */ = {isa = PBXFileReference; fileEncoding = 4; lastKnownFileType = sourcecode.cpp.h; path = BinaryTree.hpp; sourceTree = "<group>"; };
		BE3D37C51E457E3B00A2CAA3 /* Derivative.cpp */ = {isa = PBXFileReference; fileEncoding = 4; lastKnownFileType = sourcecode.cpp.cpp; path = Derivative.cpp; sourceTree = "<group>"; };
		BE3D37C61E457E3B00A2CAA3 /* Derivative.hpp */ = {isa = PBXFileReference; fileEncoding = 4; lastKnownFileType = sourcecode.cpp.h; path = Derivative.hpp; sourceTree = "<group>"; };
		BE5FAF011E42A686008B9451 /* Error.hpp */ = {isa = PBXFileReference; lastKnownFileType = sourcecode.cpp.h; path = Error.hpp; sourceTree = "<group>"; };
		BE5FAF021E42BF1A008B9451 /* LU.cpp */ = {isa = PBXFileReference; fileEncoding = 4; lastKnownFileType = sourcecode.cpp.cpp; path = LU.cpp; sourceTree = "<group>"; };
		BE5FAF031E42BF1A008B9451 /* LU.hpp */ = {isa = PBXFileReference; fileEncoding = 4; lastKnownFileType = sourcecode.cpp.h; path = LU.hpp; sourceTree = "<group>"; };
		BE9AA1991E442404008DC7E7 /* Integral.cpp */ = {isa = PBXFileReference; fileEncoding = 4; lastKnownFileType = sourcecode.cpp.cpp; path = Integral.cpp; sourceTree = "<group>"; };
		BE9AA19A1E442404008DC7E7 /* Integral.hpp */ = {isa = PBXFileReference; fileEncoding = 4; lastKnownFileType = sourcecode.cpp.h; path = Integral.hpp; sourceTree = "<group>"; };
		BED557221E428AB6006E5F59 /* libfnMath.a */ = {isa = PBXFileReference; explicitFileType = archive.ar; includeInIndex = 0; path = libfnMath.a; sourceTree = BUILT_PRODUCTS_DIR; };
		BED557251E428AB6006E5F59 /* fnMath.hpp */ = {isa = PBXFileReference; lastKnownFileType = sourcecode.cpp.h; path = fnMath.hpp; sourceTree = "<group>"; };
		BED557311E428DD1006E5F59 /* Matrix.cpp */ = {isa = PBXFileReference; fileEncoding = 4; lastKnownFileType = sourcecode.cpp.cpp; path = Matrix.cpp; sourceTree = "<group>"; };
		BED557321E428DD1006E5F59 /* Matrix.hpp */ = {isa = PBXFileReference; fileEncoding = 4; lastKnownFileType = sourcecode.cpp.h; path = Matrix.hpp; sourceTree = "<group>"; };
/* End PBXFileReference section */

/* Begin PBXFrameworksBuildPhase section */
		BED5571F1E428AB6006E5F59 /* Frameworks */ = {
			isa = PBXFrameworksBuildPhase;
			buildActionMask = 2147483647;
			files = (
			);
			runOnlyForDeploymentPostprocessing = 0;
		};
/* End PBXFrameworksBuildPhase section */

/* Begin PBXGroup section */
		BE0072151E440FE60015D211 /* Functions */ = {
			isa = PBXGroup;
			children = (
				BE0072171E4410030015D211 /* Function.hpp */,
				BE00721B1E44124D0015D211 /* Factorial.hpp */,
				BE00721A1E44124D0015D211 /* Factorial.cpp */,
			);
			name = Functions;
			sourceTree = "<group>";
		};
		BE219DCD1E43BDB4008CED63 /* Data Structures */ = {
			isa = PBXGroup;
			children = (
				BE219DD31E43BF78008CED63 /* BinaryTree.hpp */,
				BE219DD21E43BF78008CED63 /* BinaryTree.cpp */,
			);
			name = "Data Structures";
			sourceTree = "<group>";
		};
		BE3D37C41E457D9600A2CAA3 /* Difference */ = {
			isa = PBXGroup;
			children = (
				BE3D37C61E457E3B00A2CAA3 /* Derivative.hpp */,
				BE3D37C51E457E3B00A2CAA3 /* Derivative.cpp */,
			);
			name = Difference;
			sourceTree = "<group>";
		};
		BE9AA1981E44236C008DC7E7 /* Integration */ = {
			isa = PBXGroup;
			children = (
				BE9AA19A1E442404008DC7E7 /* Integral.hpp */,
				BE9AA1991E442404008DC7E7 /* Integral.cpp */,
			);
			name = Integration;
			sourceTree = "<group>";
		};
		BED557191E428AB6006E5F59 = {
			isa = PBXGroup;
			children = (
				BED557241E428AB6006E5F59 /* fnMath */,
				BED557231E428AB6006E5F59 /* Products */,
			);
			sourceTree = "<group>";
		};
		BED557231E428AB6006E5F59 /* Products */ = {
			isa = PBXGroup;
			children = (
				BED557221E428AB6006E5F59 /* libfnMath.a */,
			);
			name = Products;
			sourceTree = "<group>";
		};
		BED557241E428AB6006E5F59 /* fnMath */ = {
			isa = PBXGroup;
			children = (
				BE3D37C41E457D9600A2CAA3 /* Difference */,
				BE9AA1981E44236C008DC7E7 /* Integration */,
				BE0072151E440FE60015D211 /* Functions */,
				BE219DCD1E43BDB4008CED63 /* Data Structures */,
				BED557521E42A5D5006E5F59 /* General */,
				BED557301E428DBD006E5F59 /* LinAlg */,
				BED557251E428AB6006E5F59 /* fnMath.hpp */,
			);
			path = fnMath;
			sourceTree = "<group>";
		};
		BED557301E428DBD006E5F59 /* LinAlg */ = {
			isa = PBXGroup;
			children = (
				BED557321E428DD1006E5F59 /* Matrix.hpp */,
				BED557311E428DD1006E5F59 /* Matrix.cpp */,
				BE5FAF031E42BF1A008B9451 /* LU.hpp */,
				BE5FAF021E42BF1A008B9451 /* LU.cpp */,
			);
			name = LinAlg;
			sourceTree = "<group>";
		};
		BED557521E42A5D5006E5F59 /* General */ = {
			isa = PBXGroup;
			children = (
				BE5FAF011E42A686008B9451 /* Error.hpp */,
			);
			name = General;
			sourceTree = "<group>";
		};
/* End PBXGroup section */

/* Begin PBXHeadersBuildPhase section */
		BED557201E428AB6006E5F59 /* Headers */ = {
			isa = PBXHeadersBuildPhase;
			buildActionMask = 2147483647;
			files = (
				BED557261E428AB6006E5F59 /* fnMath.hpp in Headers */,
				BE219DD51E43BF78008CED63 /* BinaryTree.hpp in Headers */,
				BE00721D1E44124D0015D211 /* Factorial.hpp in Headers */,
				BE0072191E4410030015D211 /* Function.hpp in Headers */,
				BED557341E428DD1006E5F59 /* Matrix.hpp in Headers */,
				BE9AA19C1E442404008DC7E7 /* Integral.hpp in Headers */,
				BE5FAF051E42BF1A008B9451 /* LU.hpp in Headers */,
				BE3D37C81E457E3B00A2CAA3 /* Derivative.hpp in Headers */,
			);
			runOnlyForDeploymentPostprocessing = 0;
		};
/* End PBXHeadersBuildPhase section */

/* Begin PBXNativeTarget section */
		BED557211E428AB6006E5F59 /* fnMath */ = {
			isa = PBXNativeTarget;
			buildConfigurationList = BED5572D1E428AB6006E5F59 /* Build configuration list for PBXNativeTarget "fnMath" */;
			buildPhases = (
				BED5571E1E428AB6006E5F59 /* Sources */,
				BED5571F1E428AB6006E5F59 /* Frameworks */,
				BED557201E428AB6006E5F59 /* Headers */,
			);
			buildRules = (
			);
			dependencies = (
			);
			name = fnMath;
			productName = fnMath;
			productReference = BED557221E428AB6006E5F59 /* libfnMath.a */;
			productType = "com.apple.product-type.library.static";
		};
/* End PBXNativeTarget section */

/* Begin PBXProject section */
		BED5571A1E428AB6006E5F59 /* Project object */ = {
			isa = PBXProject;
			attributes = {
				LastUpgradeCheck = 0820;
				ORGANIZATIONNAME = "Steven Novak";
				TargetAttributes = {
					BED557211E428AB6006E5F59 = {
						CreatedOnToolsVersion = 8.2.1;
						DevelopmentTeam = FMA8K8XTLZ;
						ProvisioningStyle = Automatic;
					};
				};
			};
			buildConfigurationList = BED5571D1E428AB6006E5F59 /* Build configuration list for PBXProject "fnMath" */;
			compatibilityVersion = "Xcode 3.2";
			developmentRegion = English;
			hasScannedForEncodings = 0;
			knownRegions = (
				en,
			);
			mainGroup = BED557191E428AB6006E5F59;
			productRefGroup = BED557231E428AB6006E5F59 /* Products */;
			projectDirPath = "";
			projectRoot = "";
			targets = (
				BED557211E428AB6006E5F59 /* fnMath */,
			);
		};
/* End PBXProject section */

/* Begin PBXSourcesBuildPhase section */
		BED5571E1E428AB6006E5F59 /* Sources */ = {
			isa = PBXSourcesBuildPhase;
			buildActionMask = 2147483647;
			files = (
				BE5FAF041E42BF1A008B9451 /* LU.cpp in Sources */,
				BED557331E428DD1006E5F59 /* Matrix.cpp in Sources */,
				BE219DD41E43BF78008CED63 /* BinaryTree.cpp in Sources */,
				BE00721C1E44124D0015D211 /* Factorial.cpp in Sources */,
				BE3D37C71E457E3B00A2CAA3 /* Derivative.cpp in Sources */,
				BE9AA19B1E442404008DC7E7 /* Integral.cpp in Sources */,
			);
			runOnlyForDeploymentPostprocessing = 0;
		};
/* End PBXSourcesBuildPhase section */

/* Begin XCBuildConfiguration section */
		BED5572B1E428AB6006E5F59 /* Debug */ = {
			isa = XCBuildConfiguration;
			buildSettings = {
				ALWAYS_SEARCH_USER_PATHS = NO;
				CLANG_ANALYZER_NONNULL = YES;
				CLANG_CXX_LANGUAGE_STANDARD = "gnu++0x";
				CLANG_CXX_LIBRARY = "libc++";
				CLANG_ENABLE_MODULES = YES;
				CLANG_ENABLE_OBJC_ARC = YES;
				CLANG_WARN_BOOL_CONVERSION = YES;
				CLANG_WARN_CONSTANT_CONVERSION = YES;
				CLANG_WARN_DIRECT_OBJC_ISA_USAGE = YES_ERROR;
				CLANG_WARN_DOCUMENTATION_COMMENTS = YES;
				CLANG_WARN_EMPTY_BODY = YES;
				CLANG_WARN_ENUM_CONVERSION = YES;
				CLANG_WARN_INFINITE_RECURSION = YES;
				CLANG_WARN_INT_CONVERSION = YES;
				CLANG_WARN_OBJC_ROOT_CLASS = YES_ERROR;
				CLANG_WARN_SUSPICIOUS_MOVE = YES;
				CLANG_WARN_UNREACHABLE_CODE = YES;
				CLANG_WARN__DUPLICATE_METHOD_MATCH = YES;
				CODE_SIGN_IDENTITY = "-";
				COPY_PHASE_STRIP = NO;
				DEBUG_INFORMATION_FORMAT = dwarf;
				ENABLE_STRICT_OBJC_MSGSEND = YES;
				ENABLE_TESTABILITY = YES;
				GCC_C_LANGUAGE_STANDARD = gnu99;
				GCC_DYNAMIC_NO_PIC = NO;
				GCC_NO_COMMON_BLOCKS = YES;
				GCC_OPTIMIZATION_LEVEL = 0;
				GCC_PREPROCESSOR_DEFINITIONS = (
					"DEBUG=1",
					"$(inherited)",
				);
				GCC_WARN_64_TO_32_BIT_CONVERSION = YES;
				GCC_WARN_ABOUT_RETURN_TYPE = YES_ERROR;
				GCC_WARN_UNDECLARED_SELECTOR = YES;
				GCC_WARN_UNINITIALIZED_AUTOS = YES_AGGRESSIVE;
				GCC_WARN_UNUSED_FUNCTION = YES;
				GCC_WARN_UNUSED_VARIABLE = YES;
				MACOSX_DEPLOYMENT_TARGET = 10.12;
				MTL_ENABLE_DEBUG_INFO = YES;
				ONLY_ACTIVE_ARCH = YES;
				SDKROOT = macosx;
			};
			name = Debug;
		};
		BED5572C1E428AB6006E5F59 /* Release */ = {
			isa = XCBuildConfiguration;
			buildSettings = {
				ALWAYS_SEARCH_USER_PATHS = NO;
				CLANG_ANALYZER_NONNULL = YES;
				CLANG_CXX_LANGUAGE_STANDARD = "gnu++0x";
				CLANG_CXX_LIBRARY = "libc++";
				CLANG_ENABLE_MODULES = YES;
				CLANG_ENABLE_OBJC_ARC = YES;
				CLANG_WARN_BOOL_CONVERSION = YES;
				CLANG_WARN_CONSTANT_CONVERSION = YES;
				CLANG_WARN_DIRECT_OBJC_ISA_USAGE = YES_ERROR;
				CLANG_WARN_DOCUMENTATION_COMMENTS = YES;
				CLANG_WARN_EMPTY_BODY = YES;
				CLANG_WARN_ENUM_CONVERSION = YES;
				CLANG_WARN_INFINITE_RECURSION = YES;
				CLANG_WARN_INT_CONVERSION = YES;
				CLANG_WARN_OBJC_ROOT_CLASS = YES_ERROR;
				CLANG_WARN_SUSPICIOUS_MOVE = YES;
				CLANG_WARN_UNREACHABLE_CODE = YES;
				CLANG_WARN__DUPLICATE_METHOD_MATCH = YES;
				CODE_SIGN_IDENTITY = "-";
				COPY_PHASE_STRIP = NO;
				DEBUG_INFORMATION_FORMAT = "dwarf-with-dsym";
				ENABLE_NS_ASSERTIONS = NO;
				ENABLE_STRICT_OBJC_MSGSEND = YES;
				GCC_C_LANGUAGE_STANDARD = gnu99;
				GCC_NO_COMMON_BLOCKS = YES;
				GCC_WARN_64_TO_32_BIT_CONVERSION = YES;
				GCC_WARN_ABOUT_RETURN_TYPE = YES_ERROR;
				GCC_WARN_UNDECLARED_SELECTOR = YES;
				GCC_WARN_UNINITIALIZED_AUTOS = YES_AGGRESSIVE;
				GCC_WARN_UNUSED_FUNCTION = YES;
				GCC_WARN_UNUSED_VARIABLE = YES;
				MACOSX_DEPLOYMENT_TARGET = 10.12;
				MTL_ENABLE_DEBUG_INFO = NO;
				SDKROOT = macosx;
			};
			name = Release;
		};
		BED5572E1E428AB6006E5F59 /* Debug */ = {
			isa = XCBuildConfiguration;
			buildSettings = {
				DEVELOPMENT_TEAM = FMA8K8XTLZ;
				EXECUTABLE_PREFIX = lib;
				GCC_ENABLE_CPP_EXCEPTIONS = YES;
				GCC_ENABLE_CPP_RTTI = YES;
				PRODUCT_NAME = "$(TARGET_NAME)";
			};
			name = Debug;
		};
		BED5572F1E428AB6006E5F59 /* Release */ = {
			isa = XCBuildConfiguration;
			buildSettings = {
				DEVELOPMENT_TEAM = FMA8K8XTLZ;
				EXECUTABLE_PREFIX = lib;
				GCC_ENABLE_CPP_EXCEPTIONS = YES;
				GCC_ENABLE_CPP_RTTI = YES;
				PRODUCT_NAME = "$(TARGET_NAME)";
			};
			name = Release;
		};
/* End XCBuildConfiguration section */

/* Begin XCConfigurationList section */
		BED5571D1E428AB6006E5F59 /* Build configuration list for PBXProject "fnMath" */ = {
			isa = XCConfigurationList;
			buildConfigurations = (
				BED5572B1E428AB6006E5F59 /* Debug */,
				BED5572C1E428AB6006E5F59 /* Release */,
			);
			defaultConfigurationIsVisible = 0;
			defaultConfigurationName = Release;
		};
		BED5572D1E428AB6006E5F59 /* Build configuration list for PBXNativeTarget "fnMath" */ = {
			isa = XCConfigurationList;
			buildConfigurations = (
				BED5572E1E428AB6006E5F59 /* Debug */,
				BED5572F1E428AB6006E5F59 /* Release */,
			);
			defaultConfigurationIsVisible = 0;
			defaultConfigurationName = Release;
		};
/* End XCConfigurationList section */
	};
	rootObject = BED5571A1E428AB6006E5F59 /* Project object */;
}
